
Microsoft Visual Studio Solution File, Format Version 12.00
# Visual Studio 15
VisualStudioVersion = 15.0.27004.2010
MinimumVisualStudioVersion = 10.0.40219.1
Project("{FAE04EC0-301F-11D3-BF4B-00C04F79EFBC}") = "Vic.SportsStore.WebApp", "Vic.SportsStore.WebApp\Vic.SportsStore.WebApp.csproj", "{0647009A-DE27-4979-B623-C0331B7B32DB}"
EndProject
Project("{FAE04EC0-301F-11D3-BF4B-00C04F79EFBC}") = "Vic.SportsStore.Domain", "Vic.SportsStore.Domain\Vic.SportsStore.Domain.csproj", "{1F86AF80-1C95-4291-BCD5-5117751475B4}"
EndProject
Project("{FAE04EC0-301F-11D3-BF4B-00C04F79EFBC}") = "Vic.SportsStore.UnitTests", "Vic.SportsStore.UnitTests\Vic.SportsStore.UnitTests.csproj", "{02B022A5-19FE-4A82-AF19-DFA5DF3F132E}"
EndProject
Project("{2150E333-8FDC-42A3-9474-1A3956D46DE8}") = "ScreenShotDemo", "ScreenShotDemo", "{204E740B-AD59-4248-9EE0-76279AD523D6}"
	ProjectSection(SolutionItems) = preProject
		..\..\..\Dropbox\屏幕截图\Screenshot 2018-01-07 00.14.29.png = ..\..\..\Dropbox\屏幕截图\Screenshot 2018-01-07 00.14.29.png
		..\..\..\Dropbox\屏幕截图\Screenshot 2018-01-07 00.15.06.png = ..\..\..\Dropbox\屏幕截图\Screenshot 2018-01-07 00.15.06.png
		..\..\..\Dropbox\屏幕截图\Screenshot 2018-01-07 00.15.42.png = ..\..\..\Dropbox\屏幕截图\Screenshot 2018-01-07 00.15.42.png
	EndProjectSection
EndProject
Global
	GlobalSection(SolutionConfigurationPlatforms) = preSolution
		Debug|Any CPU = Debug|Any CPU
		Release|Any CPU = Release|Any CPU
	EndGlobalSection
	GlobalSection(ProjectConfigurationPlatforms) = postSolution
		{0647009A-DE27-4979-B623-C0331B7B32DB}.Debug|Any CPU.ActiveCfg = Debug|Any CPU
		{0647009A-DE27-4979-B623-C0331B7B32DB}.Debug|Any CPU.Build.0 = Debug|Any CPU
		{0647009A-DE27-4979-B623-C0331B7B32DB}.Release|Any CPU.ActiveCfg = Release|Any CPU
		{0647009A-DE27-4979-B623-C0331B7B32DB}.Release|Any CPU.Build.0 = Release|Any CPU
		{1F86AF80-1C95-4291-BCD5-5117751475B4}.Debug|Any CPU.ActiveCfg = Debug|Any CPU
		{1F86AF80-1C95-4291-BCD5-5117751475B4}.Debug|Any CPU.Build.0 = Debug|Any CPU
		{1F86AF80-1C95-4291-BCD5-5117751475B4}.Release|Any CPU.ActiveCfg = Release|Any CPU
		{1F86AF80-1C95-4291-BCD5-5117751475B4}.Release|Any CPU.Build.0 = Release|Any CPU
		{02B022A5-19FE-4A82-AF19-DFA5DF3F132E}.Debug|Any CPU.ActiveCfg = Debug|Any CPU
		{02B022A5-19FE-4A82-AF19-DFA5DF3F132E}.Debug|Any CPU.Build.0 = Debug|Any CPU
		{02B022A5-19FE-4A82-AF19-DFA5DF3F132E}.Release|Any CPU.ActiveCfg = Release|Any CPU
		{02B022A5-19FE-4A82-AF19-DFA5DF3F132E}.Release|Any CPU.Build.0 = Release|Any CPU
	EndGlobalSection
	GlobalSection(SolutionProperties) = preSolution
		HideSolutionNode = FALSE
	EndGlobalSection
	GlobalSection(ExtensibilityGlobals) = postSolution
		SolutionGuid = {601CF138-FF8D-47AC-9D7B-1788B47AB65C}
	EndGlobalSection
EndGlobal
